
Microsoft Visual Studio Solution File, Format Version 12.00
# Visual Studio Version 16
VisualStudioVersion = 16.0.30611.23
MinimumVisualStudioVersion = 10.0.40219.1
Project("{FAE04EC0-301F-11D3-BF4B-00C04F79EFBC}") = "multithreading-separated-tasks", "multithreading-separated-tasks.csproj", "{4CCDC148-C388-4445-8966-BEB5E87A7431}"
EndProject
Global
	GlobalSection(SolutionConfigurationPlatforms) = preSolution
		Debug|Any CPU = Debug|Any CPU
		Release|Any CPU = Release|Any CPU
	EndGlobalSection
	GlobalSection(ProjectConfigurationPlatforms) = postSolution
		{4CCDC148-C388-4445-8966-BEB5E87A7431}.Debug|Any CPU.ActiveCfg = Debug|Any CPU
		{4CCDC148-C388-4445-8966-BEB5E87A7431}.Debug|Any CPU.Build.0 = Debug|Any CPU
		{4CCDC148-C388-4445-8966-BEB5E87A7431}.Release|Any CPU.ActiveCfg = Release|Any CPU
		{4CCDC148-C388-4445-8966-BEB5E87A7431}.Release|Any CPU.Build.0 = Release|Any CPU
	EndGlobalSection
	GlobalSection(SolutionProperties) = preSolution
		HideSolutionNode = FALSE
	EndGlobalSection
	GlobalSection(ExtensibilityGlobals) = postSolution
		SolutionGuid = {3F6844E6-39FA-477C-8669-AD57459FBD96}
	EndGlobalSection
EndGlobal
